
Microsoft Visual Studio Solution File, Format Version 12.00
# Visual Studio Version 17
VisualStudioVersion = 17.6.33723.286
MinimumVisualStudioVersion = 10.0.40219.1
Project("{FAE04EC0-301F-11D3-BF4B-00C04F79EFBC}") = "az-webapp-una", "az-webapp-una\az-webapp-una.csproj", "{56928FB8-5EA0-452A-B83D-E9831446F08A}"
EndProject
Global
	GlobalSection(SolutionConfigurationPlatforms) = preSolution
		Debug|Any CPU = Debug|Any CPU
		Release|Any CPU = Release|Any CPU
	EndGlobalSection
	GlobalSection(ProjectConfigurationPlatforms) = postSolution
		{56928FB8-5EA0-452A-B83D-E9831446F08A}.Debug|Any CPU.ActiveCfg = Debug|Any CPU
		{56928FB8-5EA0-452A-B83D-E9831446F08A}.Debug|Any CPU.Build.0 = Debug|Any CPU
		{56928FB8-5EA0-452A-B83D-E9831446F08A}.Release|Any CPU.ActiveCfg = Release|Any CPU
		{56928FB8-5EA0-452A-B83D-E9831446F08A}.Release|Any CPU.Build.0 = Release|Any CPU
	EndGlobalSection
	GlobalSection(SolutionProperties) = preSolution
		HideSolutionNode = FALSE
	EndGlobalSection
	GlobalSection(ExtensibilityGlobals) = postSolution
		SolutionGuid = {7A3D087C-557D-4170-BE37-D7187D451271}
	EndGlobalSection
EndGlobal
